
Microsoft Visual Studio Solution File, Format Version 12.00
# Visual Studio 15
VisualStudioVersion = 15.0.28307.1705
MinimumVisualStudioVersion = 10.0.40219.1
Project("{FAE04EC0-301F-11D3-BF4B-00C04F79EFBC}") = "DepthCharts", "DepthCharts\DepthCharts.csproj", "{0E77B1FF-A512-469D-94E5-22CAB0637513}"
EndProject
Project("{9A19103F-16F7-4668-BE54-9A1E7A4F7556}") = "Models", "Models\Models.csproj", "{5519CD99-3864-4C55-97A1-FCF6E06AC157}"
EndProject
Project("{FAE04EC0-301F-11D3-BF4B-00C04F79EFBC}") = "Models.Tests", "Models.Tests\Models.Tests.csproj", "{B2E64209-77B9-470C-93E8-7B853A3655D6}"
EndProject
Project("{FAE04EC0-301F-11D3-BF4B-00C04F79EFBC}") = "DepthChartsApp", "DepthChartsApp\DepthChartsApp.csproj", "{12939E2A-3624-45C5-8466-4557F7B74D26}"
EndProject
Global
	GlobalSection(SolutionConfigurationPlatforms) = preSolution
		Debug|Any CPU = Debug|Any CPU
		Release|Any CPU = Release|Any CPU
	EndGlobalSection
	GlobalSection(ProjectConfigurationPlatforms) = postSolution
		{0E77B1FF-A512-469D-94E5-22CAB0637513}.Debug|Any CPU.ActiveCfg = Debug|Any CPU
		{0E77B1FF-A512-469D-94E5-22CAB0637513}.Debug|Any CPU.Build.0 = Debug|Any CPU
		{0E77B1FF-A512-469D-94E5-22CAB0637513}.Release|Any CPU.ActiveCfg = Release|Any CPU
		{0E77B1FF-A512-469D-94E5-22CAB0637513}.Release|Any CPU.Build.0 = Release|Any CPU
		{5519CD99-3864-4C55-97A1-FCF6E06AC157}.Debug|Any CPU.ActiveCfg = Debug|Any CPU
		{5519CD99-3864-4C55-97A1-FCF6E06AC157}.Debug|Any CPU.Build.0 = Debug|Any CPU
		{5519CD99-3864-4C55-97A1-FCF6E06AC157}.Release|Any CPU.ActiveCfg = Release|Any CPU
		{5519CD99-3864-4C55-97A1-FCF6E06AC157}.Release|Any CPU.Build.0 = Release|Any CPU
		{B2E64209-77B9-470C-93E8-7B853A3655D6}.Debug|Any CPU.ActiveCfg = Debug|Any CPU
		{B2E64209-77B9-470C-93E8-7B853A3655D6}.Debug|Any CPU.Build.0 = Debug|Any CPU
		{B2E64209-77B9-470C-93E8-7B853A3655D6}.Release|Any CPU.ActiveCfg = Release|Any CPU
		{B2E64209-77B9-470C-93E8-7B853A3655D6}.Release|Any CPU.Build.0 = Release|Any CPU
		{12939E2A-3624-45C5-8466-4557F7B74D26}.Debug|Any CPU.ActiveCfg = Debug|Any CPU
		{12939E2A-3624-45C5-8466-4557F7B74D26}.Debug|Any CPU.Build.0 = Debug|Any CPU
		{12939E2A-3624-45C5-8466-4557F7B74D26}.Release|Any CPU.ActiveCfg = Release|Any CPU
		{12939E2A-3624-45C5-8466-4557F7B74D26}.Release|Any CPU.Build.0 = Release|Any CPU
	EndGlobalSection
	GlobalSection(SolutionProperties) = preSolution
		HideSolutionNode = FALSE
	EndGlobalSection
	GlobalSection(ExtensibilityGlobals) = postSolution
		SolutionGuid = {A2E4CAB6-B184-4AE6-8871-B43D9933B866}
	EndGlobalSection
EndGlobal
